
Microsoft Visual Studio Solution File, Format Version 12.00
# Visual Studio Version 16
VisualStudioVersion = 16.0.29215.179
MinimumVisualStudioVersion = 10.0.40219.1
Project("{888888A0-9F3D-457C-B088-3A5042F75D52}") = "ApiFullStack", "ApiFullStack\ApiFullStack.pyproj", "{D6754EE0-C7BC-43C1-B660-F1C1568E5EE9}"
EndProject
Global
	GlobalSection(SolutionConfigurationPlatforms) = preSolution
		Debug|Any CPU = Debug|Any CPU
		Release|Any CPU = Release|Any CPU
	EndGlobalSection
	GlobalSection(ProjectConfigurationPlatforms) = postSolution
		{D6754EE0-C7BC-43C1-B660-F1C1568E5EE9}.Debug|Any CPU.ActiveCfg = Debug|Any CPU
		{D6754EE0-C7BC-43C1-B660-F1C1568E5EE9}.Debug|Any CPU.Build.0 = Debug|Any CPU
		{D6754EE0-C7BC-43C1-B660-F1C1568E5EE9}.Release|Any CPU.ActiveCfg = Release|Any CPU
		{D6754EE0-C7BC-43C1-B660-F1C1568E5EE9}.Release|Any CPU.Build.0 = Release|Any CPU
	EndGlobalSection
	GlobalSection(SolutionProperties) = preSolution
		HideSolutionNode = FALSE
	EndGlobalSection
	GlobalSection(ExtensibilityGlobals) = postSolution
		SolutionGuid = {3C94E8E6-D237-42C2-B8BF-30AED2319AB5}
	EndGlobalSection
EndGlobal
